
Microsoft Visual Studio Solution File, Format Version 12.00
# Visual Studio Version 16
VisualStudioVersion = 16.0.31005.135
MinimumVisualStudioVersion = 10.0.40219.1
Project("{8BC9CEB8-8B4A-11D0-8D11-00A0C91BC942}") = "lab4_chm", "lab4_chm.vcxproj", "{5E10C7E8-3FB4-4DBC-AC45-15933CB47F6B}"
EndProject
Global
	GlobalSection(SolutionConfigurationPlatforms) = preSolution
		Debug|x64 = Debug|x64
		Debug|x86 = Debug|x86
		Release|x64 = Release|x64
		Release|x86 = Release|x86
	EndGlobalSection
	GlobalSection(ProjectConfigurationPlatforms) = postSolution
		{5E10C7E8-3FB4-4DBC-AC45-15933CB47F6B}.Debug|x64.ActiveCfg = Debug|x64
		{5E10C7E8-3FB4-4DBC-AC45-15933CB47F6B}.Debug|x64.Build.0 = Debug|x64
		{5E10C7E8-3FB4-4DBC-AC45-15933CB47F6B}.Debug|x86.ActiveCfg = Debug|Win32
		{5E10C7E8-3FB4-4DBC-AC45-15933CB47F6B}.Debug|x86.Build.0 = Debug|Win32
		{5E10C7E8-3FB4-4DBC-AC45-15933CB47F6B}.Release|x64.ActiveCfg = Release|x64
		{5E10C7E8-3FB4-4DBC-AC45-15933CB47F6B}.Release|x64.Build.0 = Release|x64
		{5E10C7E8-3FB4-4DBC-AC45-15933CB47F6B}.Release|x86.ActiveCfg = Release|Win32
		{5E10C7E8-3FB4-4DBC-AC45-15933CB47F6B}.Release|x86.Build.0 = Release|Win32
	EndGlobalSection
	GlobalSection(SolutionProperties) = preSolution
		HideSolutionNode = FALSE
	EndGlobalSection
	GlobalSection(ExtensibilityGlobals) = postSolution
		SolutionGuid = {9FC1CD26-E204-44D6-A3C2-A9866C43CF42}
	EndGlobalSection
EndGlobal
